// !$*UTF8*$!
{
	archiveVersion = 1;
	classes = {
	};
	objectVersion = 46;
	objects = {

/* Begin PBXBuildFile section */
		2F1D276A1EA0ACB100BC5902 /* Assets.xcassets in Resources */ = {isa = PBXBuildFile; fileRef = 2F1D27621EA0ACB100BC5902 /* Assets.xcassets */; };
		2F1D276B1EA0ACB100BC5902 /* Base.lproj in Resources */ = {isa = PBXBuildFile; fileRef = 2F1D27631EA0ACB100BC5902 /* Base.lproj */; };
		2F1D276C1EA0ACB100BC5902 /* CoreDataAssignment.xcdatamodeld in Sources */ = {isa = PBXBuildFile; fileRef = 2F1D27641EA0ACB100BC5902 /* CoreDataAssignment.xcdatamodeld */; };
		2F1D276D1EA0ACB100BC5902 /* Images.xcassets in Resources */ = {isa = PBXBuildFile; fileRef = 2F1D27661EA0ACB100BC5902 /* Images.xcassets */; };
		2F1D276E1EA0ACB100BC5902 /* List+CoreDataClass.swift in Sources */ = {isa = PBXBuildFile; fileRef = 2F1D27671EA0ACB100BC5902 /* List+CoreDataClass.swift */; };
		2F1D276F1EA0ACB100BC5902 /* List+CoreDataProperties.swift in Sources */ = {isa = PBXBuildFile; fileRef = 2F1D27681EA0ACB100BC5902 /* List+CoreDataProperties.swift */; };
		2F1D27701EA0ACB100BC5902 /* TableViewController.swift in Sources */ = {isa = PBXBuildFile; fileRef = 2F1D27691EA0ACB100BC5902 /* TableViewController.swift */; };
		2F4830331E8AAECD00A48E3A /* AppDelegate.swift in Sources */ = {isa = PBXBuildFile; fileRef = 2F4830321E8AAECD00A48E3A /* AppDelegate.swift */; };
		2F4830351E8AAECD00A48E3A /* ViewController.swift in Sources */ = {isa = PBXBuildFile; fileRef = 2F4830341E8AAECD00A48E3A /* ViewController.swift */; };
		2F4830381E8AAECD00A48E3A /* Main.storyboard in Resources */ = {isa = PBXBuildFile; fileRef = 2F4830361E8AAECD00A48E3A /* Main.storyboard */; };
		2F48303D1E8AAECD00A48E3A /* LaunchScreen.storyboard in Resources */ = {isa = PBXBuildFile; fileRef = 2F48303B1E8AAECD00A48E3A /* LaunchScreen.storyboard */; };
/* End PBXBuildFile section */

/* Begin PBXFileReference section */
		2F1D27621EA0ACB100BC5902 /* Assets.xcassets */ = {isa = PBXFileReference; lastKnownFileType = folder.assetcatalog; path = Assets.xcassets; sourceTree = "<group>"; };
		2F1D27631EA0ACB100BC5902 /* Base.lproj */ = {isa = PBXFileReference; lastKnownFileType = folder; path = Base.lproj; sourceTree = "<group>"; };
		2F1D27651EA0ACB100BC5902 /* CoreDataAssignment.xcdatamodel */ = {isa = PBXFileReference; lastKnownFileType = wrapper.xcdatamodel; path = CoreDataAssignment.xcdatamodel; sourceTree = "<group>"; };
		2F1D27661EA0ACB100BC5902 /* Images.xcassets */ = {isa = PBXFileReference; lastKnownFileType = folder.assetcatalog; path = Images.xcassets; sourceTree = "<group>"; };
		2F1D27671EA0ACB100BC5902 /* List+CoreDataClass.swift */ = {isa = PBXFileReference; fileEncoding = 4; lastKnownFileType = sourcecode.swift; path = "List+CoreDataClass.swift"; sourceTree = "<group>"; };
		2F1D27681EA0ACB100BC5902 /* List+CoreDataProperties.swift */ = {isa = PBXFileReference; fileEncoding = 4; lastKnownFileType = sourcecode.swift; path = "List+CoreDataProperties.swift"; sourceTree = "<group>"; };
		2F1D27691EA0ACB100BC5902 /* TableViewController.swift */ = {isa = PBXFileReference; fileEncoding = 4; lastKnownFileType = sourcecode.swift; path = TableViewController.swift; sourceTree = "<group>"; };
		2F48302F1E8AAECD00A48E3A /* iNotes.app */ = {isa = PBXFileReference; explicitFileType = wrapper.application; includeInIndex = 0; path = iNotes.app; sourceTree = BUILT_PRODUCTS_DIR; };
		2F4830321E8AAECD00A48E3A /* AppDelegate.swift */ = {isa = PBXFileReference; lastKnownFileType = sourcecode.swift; path = AppDelegate.swift; sourceTree = "<group>"; };
		2F4830341E8AAECD00A48E3A /* ViewController.swift */ = {isa = PBXFileReference; lastKnownFileType = sourcecode.swift; path = ViewController.swift; sourceTree = "<group>"; };
		2F4830371E8AAECD00A48E3A /* Base */ = {isa = PBXFileReference; lastKnownFileType = file.storyboard; name = Base; path = Base.lproj/Main.storyboard; sourceTree = "<group>"; };
		2F48303C1E8AAECD00A48E3A /* Base */ = {isa = PBXFileReference; lastKnownFileType = file.storyboard; name = Base; path = Base.lproj/LaunchScreen.storyboard; sourceTree = "<group>"; };
		2F48303E1E8AAECD00A48E3A /* Info.plist */ = {isa = PBXFileReference; lastKnownFileType = text.plist.xml; path = Info.plist; sourceTree = "<group>"; };
/* End PBXFileReference section */

/* Begin PBXFrameworksBuildPhase section */
		2F48302C1E8AAECD00A48E3A /* Frameworks */ = {
			isa = PBXFrameworksBuildPhase;
			buildActionMask = 2147483647;
			files = (
			);
			runOnlyForDeploymentPostprocessing = 0;
		};
/* End PBXFrameworksBuildPhase section */

/* Begin PBXGroup section */
		2F4830261E8AAECD00A48E3A = {
			isa = PBXGroup;
			children = (
				2F4830311E8AAECD00A48E3A /* iNotes */,
				2F4830301E8AAECD00A48E3A /* Products */,
			);
			sourceTree = "<group>";
		};
		2F4830301E8AAECD00A48E3A /* Products */ = {
			isa = PBXGroup;
			children = (
				2F48302F1E8AAECD00A48E3A /* iNotes.app */,
			);
			name = Products;
			sourceTree = "<group>";
		};
		2F4830311E8AAECD00A48E3A /* iNotes */ = {
			isa = PBXGroup;
			children = (
				2F1D27621EA0ACB100BC5902 /* Assets.xcassets */,
				2F1D27631EA0ACB100BC5902 /* Base.lproj */,
				2F1D27641EA0ACB100BC5902 /* CoreDataAssignment.xcdatamodeld */,
				2F1D27661EA0ACB100BC5902 /* Images.xcassets */,
				2F1D27671EA0ACB100BC5902 /* List+CoreDataClass.swift */,
				2F1D27681EA0ACB100BC5902 /* List+CoreDataProperties.swift */,
				2F1D27691EA0ACB100BC5902 /* TableViewController.swift */,
				2F4830321E8AAECD00A48E3A /* AppDelegate.swift */,
				2F4830341E8AAECD00A48E3A /* ViewController.swift */,
				2F4830361E8AAECD00A48E3A /* Main.storyboard */,
				2F48303B1E8AAECD00A48E3A /* LaunchScreen.storyboard */,
				2F48303E1E8AAECD00A48E3A /* Info.plist */,
			);
			path = iNotes;
			sourceTree = "<group>";
		};
/* End PBXGroup section */

/* Begin PBXNativeTarget section */
		2F48302E1E8AAECD00A48E3A /* iNotes */ = {
			isa = PBXNativeTarget;
			buildConfigurationList = 2F4830411E8AAECD00A48E3A /* Build configuration list for PBXNativeTarget "iNotes" */;
			buildPhases = (
				2F48302B1E8AAECD00A48E3A /* Sources */,
				2F48302C1E8AAECD00A48E3A /* Frameworks */,
				2F48302D1E8AAECD00A48E3A /* Resources */,
			);
			buildRules = (
			);
			dependencies = (
			);
			name = iNotes;
			productName = iNotes;
			productReference = 2F48302F1E8AAECD00A48E3A /* iNotes.app */;
			productType = "com.apple.product-type.application";
		};
/* End PBXNativeTarget section */

/* Begin PBXProject section */
		2F4830271E8AAECD00A48E3A /* Project object */ = {
			isa = PBXProject;
			attributes = {
				LastSwiftUpdateCheck = 0820;
				LastUpgradeCheck = 0820;
				ORGANIZATIONNAME = "Kartik Patel";
				TargetAttributes = {
					2F48302E1E8AAECD00A48E3A = {
						CreatedOnToolsVersion = 8.2.1;
						ProvisioningStyle = Automatic;
					};
				};
			};
			buildConfigurationList = 2F48302A1E8AAECD00A48E3A /* Build configuration list for PBXProject "iNotes" */;
			compatibilityVersion = "Xcode 3.2";
			developmentRegion = English;
			hasScannedForEncodings = 0;
			knownRegions = (
				en,
				Base,
			);
			mainGroup = 2F4830261E8AAECD00A48E3A;
			productRefGroup = 2F4830301E8AAECD00A48E3A /* Products */;
			projectDirPath = "";
			projectRoot = "";
			targets = (
				2F48302E1E8AAECD00A48E3A /* iNotes */,
			);
		};
/* End PBXProject section */

/* Begin PBXResourcesBuildPhase section */
		2F48302D1E8AAECD00A48E3A /* Resources */ = {
			isa = PBXResourcesBuildPhase;
			buildActionMask = 2147483647;
			files = (
				2F48303D1E8AAECD00A48E3A /* LaunchScreen.storyboard in Resources */,
				2F1D276B1EA0ACB100BC5902 /* Base.lproj in Resources */,
				2F1D276D1EA0ACB100BC5902 /* Images.xcassets in Resources */,
				2F1D276A1EA0ACB100BC5902 /* Assets.xcassets in Resources */,
				2F4830381E8AAECD00A48E3A /* Main.storyboard in Resources */,
			);
			runOnlyForDeploymentPostprocessing = 0;
		};
/* End PBXResourcesBuildPhase section */

/* Begin PBXSourcesBuildPhase section */
		2F48302B1E8AAECD00A48E3A /* Sources */ = {
			isa = PBXSourcesBuildPhase;
			buildActionMask = 2147483647;
			files = (
				2F4830351E8AAECD00A48E3A /* ViewController.swift in Sources */,
				2F1D27701EA0ACB100BC5902 /* TableViewController.swift in Sources */,
				2F1D276F1EA0ACB100BC5902 /* List+CoreDataProperties.swift in Sources */,
				2F4830331E8AAECD00A48E3A /* AppDelegate.swift in Sources */,
				2F1D276C1EA0ACB100BC5902 /* CoreDataAssignment.xcdatamodeld in Sources */,
				2F1D276E1EA0ACB100BC5902 /* List+CoreDataClass.swift in Sources */,
			);
			runOnlyForDeploymentPostprocessing = 0;
		};
/* End PBXSourcesBuildPhase section */

/* Begin PBXVariantGroup section */
		2F4830361E8AAECD00A48E3A /* Main.storyboard */ = {
			isa = PBXVariantGroup;
			children = (
				2F4830371E8AAECD00A48E3A /* Base */,
			);
			name = Main.storyboard;
			sourceTree = "<group>";
		};
		2F48303B1E8AAECD00A48E3A /* LaunchScreen.storyboard */ = {
			isa = PBXVariantGroup;
			children = (
				2F48303C1E8AAECD00A48E3A /* Base */,
			);
			name = LaunchScreen.storyboard;
			sourceTree = "<group>";
		};
/* End PBXVariantGroup section */

/* Begin XCBuildConfiguration section */
		2F48303F1E8AAECD00A48E3A /* Debug */ = {
			isa = XCBuildConfiguration;
			buildSettings = {
				ALWAYS_SEARCH_USER_PATHS = NO;
				CLANG_ANALYZER_NONNULL = YES;
				CLANG_CXX_LANGUAGE_STANDARD = "gnu++0x";
				CLANG_CXX_LIBRARY = "libc++";
				CLANG_ENABLE_MODULES = YES;
				CLANG_ENABLE_OBJC_ARC = YES;
				CLANG_WARN_BOOL_CONVERSION = YES;
				CLANG_WARN_CONSTANT_CONVERSION = YES;
				CLANG_WARN_DIRECT_OBJC_ISA_USAGE = YES_ERROR;
				CLANG_WARN_DOCUMENTATION_COMMENTS = YES;
				CLANG_WARN_EMPTY_BODY = YES;
				CLANG_WARN_ENUM_CONVERSION = YES;
				CLANG_WARN_INFINITE_RECURSION = YES;
				CLANG_WARN_INT_CONVERSION = YES;
				CLANG_WARN_OBJC_ROOT_CLASS = YES_ERROR;
				CLANG_WARN_SUSPICIOUS_MOVE = YES;
				CLANG_WARN_UNREACHABLE_CODE = YES;
				CLANG_WARN__DUPLICATE_METHOD_MATCH = YES;
				"CODE_SIGN_IDENTITY[sdk=iphoneos*]" = "iPhone Developer";
				COPY_PHASE_STRIP = NO;
				DEBUG_INFORMATION_FORMAT = dwarf;
				ENABLE_STRICT_OBJC_MSGSEND = YES;
				ENABLE_TESTABILITY = YES;
				GCC_C_LANGUAGE_STANDARD = gnu99;
				GCC_DYNAMIC_NO_PIC = NO;
				GCC_NO_COMMON_BLOCKS = YES;
				GCC_OPTIMIZATION_LEVEL = 0;
				GCC_PREPROCESSOR_DEFINITIONS = (
					"DEBUG=1",
					"$(inherited)",
				);
				GCC_WARN_64_TO_32_BIT_CONVERSION = YES;
				GCC_WARN_ABOUT_RETURN_TYPE = YES_ERROR;
				GCC_WARN_UNDECLARED_SELECTOR = YES;
				GCC_WARN_UNINITIALIZED_AUTOS = YES_AGGRESSIVE;
				GCC_WARN_UNUSED_FUNCTION = YES;
				GCC_WARN_UNUSED_VARIABLE = YES;
				IPHONEOS_DEPLOYMENT_TARGET = 10.2;
				MTL_ENABLE_DEBUG_INFO = YES;
				ONLY_ACTIVE_ARCH = YES;
				SDKROOT = iphoneos;
				SWIFT_ACTIVE_COMPILATION_CONDITIONS = DEBUG;
				SWIFT_OPTIMIZATION_LEVEL = "-Onone";
				TARGETED_DEVICE_FAMILY = "1,2";
			};
			name = Debug;
		};
		2F4830401E8AAECD00A48E3A /* Release */ = {
			isa = XCBuildConfiguration;
			buildSettings = {
				ALWAYS_SEARCH_USER_PATHS = NO;
				CLANG_ANALYZER_NONNULL = YES;
				CLANG_CXX_LANGUAGE_STANDARD = "gnu++0x";
				CLANG_CXX_LIBRARY = "libc++";
				CLANG_ENABLE_MODULES = YES;
				CLANG_ENABLE_OBJC_ARC = YES;
				CLANG_WARN_BOOL_CONVERSION = YES;
				CLANG_WARN_CONSTANT_CONVERSION = YES;
				CLANG_WARN_DIRECT_OBJC_ISA_USAGE = YES_ERROR;
				CLANG_WARN_DOCUMENTATION_COMMENTS = YES;
				CLANG_WARN_EMPTY_BODY = YES;
				CLANG_WARN_ENUM_CONVERSION = YES;
				CLANG_WARN_INFINITE_RECURSION = YES;
				CLANG_WARN_INT_CONVERSION = YES;
				CLANG_WARN_OBJC_ROOT_CLASS = YES_ERROR;
				CLANG_WARN_SUSPICIOUS_MOVE = YES;
				CLANG_WARN_UNREACHABLE_CODE = YES;
				CLANG_WARN__DUPLICATE_METHOD_MATCH = YES;
				"CODE_SIGN_IDENTITY[sdk=iphoneos*]" = "iPhone Developer";
				COPY_PHASE_STRIP = NO;
				DEBUG_INFORMATION_FORMAT = "dwarf-with-dsym";
				ENABLE_NS_ASSERTIONS = NO;
				ENABLE_STRICT_OBJC_MSGSEND = YES;
				GCC_C_LANGUAGE_STANDARD = gnu99;
				GCC_NO_COMMON_BLOCKS = YES;
				GCC_WARN_64_TO_32_BIT_CONVERSION = YES;
				GCC_WARN_ABOUT_RETURN_TYPE = YES_ERROR;
				GCC_WARN_UNDECLARED_SELECTOR = YES;
				GCC_WARN_UNINITIALIZED_AUTOS = YES_AGGRESSIVE;
				GCC_WARN_UNUSED_FUNCTION = YES;
				GCC_WARN_UNUSED_VARIABLE = YES;
				IPHONEOS_DEPLOYMENT_TARGET = 10.2;
				MTL_ENABLE_DEBUG_INFO = NO;
				SDKROOT = iphoneos;
				SWIFT_OPTIMIZATION_LEVEL = "-Owholemodule";
				TARGETED_DEVICE_FAMILY = "1,2";
				VALIDATE_PRODUCT = YES;
			};
			name = Release;
		};
		2F4830421E8AAECD00A48E3A /* Debug */ = {
			isa = XCBuildConfiguration;
			buildSettings = {
				ASSETCATALOG_COMPILER_APPICON_NAME = AppIcon;
				INFOPLIST_FILE = iNotes/Info.plist;
				LD_RUNPATH_SEARCH_PATHS = "$(inherited) @executable_path/Frameworks";
				PRODUCT_BUNDLE_IDENTIFIER = com.kp.iNotes;
				PRODUCT_NAME = "$(TARGET_NAME)";
				SWIFT_VERSION = 3.0;
			};
			name = Debug;
		};
		2F4830431E8AAECD00A48E3A /* Release */ = {
			isa = XCBuildConfiguration;
			buildSettings = {
				ASSETCATALOG_COMPILER_APPICON_NAME = AppIcon;
				INFOPLIST_FILE = iNotes/Info.plist;
				LD_RUNPATH_SEARCH_PATHS = "$(inherited) @executable_path/Frameworks";
				PRODUCT_BUNDLE_IDENTIFIER = com.kp.iNotes;
				PRODUCT_NAME = "$(TARGET_NAME)";
				SWIFT_VERSION = 3.0;
			};
			name = Release;
		};
/* End XCBuildConfiguration section */

/* Begin XCConfigurationList section */
		2F48302A1E8AAECD00A48E3A /* Build configuration list for PBXProject "iNotes" */ = {
			isa = XCConfigurationList;
			buildConfigurations = (
				2F48303F1E8AAECD00A48E3A /* Debug */,
				2F4830401E8AAECD00A48E3A /* Release */,
			);
			defaultConfigurationIsVisible = 0;
			defaultConfigurationName = Release;
		};
		2F4830411E8AAECD00A48E3A /* Build configuration list for PBXNativeTarget "iNotes" */ = {
			isa = XCConfigurationList;
			buildConfigurations = (
				2F4830421E8AAECD00A48E3A /* Debug */,
				2F4830431E8AAECD00A48E3A /* Release */,
			);
			defaultConfigurationIsVisible = 0;
			defaultConfigurationName = Release;
		};
/* End XCConfigurationList section */

/* Begin XCVersionGroup section */
		2F1D27641EA0ACB100BC5902 /* CoreDataAssignment.xcdatamodeld */ = {
			isa = XCVersionGroup;
			children = (
				2F1D27651EA0ACB100BC5902 /* CoreDataAssignment.xcdatamodel */,
			);
			currentVersion = 2F1D27651EA0ACB100BC5902 /* CoreDataAssignment.xcdatamodel */;
			path = CoreDataAssignment.xcdatamodeld;
			sourceTree = "<group>";
			versionGroupType = wrapper.xcdatamodel;
		};
/* End XCVersionGroup section */
	};
	rootObject = 2F4830271E8AAECD00A48E3A /* Project object */;
}
